// !$*UTF8*$!
{
	archiveVersion = 1;
	classes = {
	};
	objectVersion = 46;
	objects = {

		9F11791892DE25B72A2D1DE1 = {isa = PBXBuildFile; fileRef = 97F82427B2D6AC2B7A0C2448; };
		7EF7B6940A915A21B12F1987 = {isa = PBXBuildFile; fileRef = 3EEA9806339E1119237E88E3; };
		1B6C12AD5B4107071424B46A = {isa = PBXBuildFile; fileRef = 2006BB74C7E41AFC732D0AE8; };
		6D4BE493B154999C5484E2B1 = {isa = PBXBuildFile; fileRef = D61C3CBC8CC59F9FC33F5B87; };
		5004F29473C50E74B9E0F302 = {isa = PBXBuildFile; fileRef = B8BCA964C848F307F342D9FD; };
		D49AF2243A1FAFA42BE208E8 = {isa = PBXBuildFile; fileRef = 1B8903890FBD5A4368772232; };
		181093B2F0A5AE22EB172F9F = {isa = PBXBuildFile; fileRef = CD94C84523E39E860F76D438; };
		070C8935FEBF7E27D39B0D47 = {isa = PBXBuildFile; fileRef = 856556094D3977EDA41D623B; };
		969E6CCFC4170D49CA7343F1 = {isa = PBXBuildFile; fileRef = EB4D7E83605684C8B9FF3614; };
		D8524570CEB78F9FAD2644A3 = {isa = PBXBuildFile; fileRef = 31F43D78DF97D742479EA88F; };
		A3BD0C4A3A316E0A56981473 = {isa = PBXBuildFile; fileRef = E5BC588789D9D837B72671BA; };
		4A2D136FD4EF8D8E2E3FC33D = {isa = PBXBuildFile; fileRef = 90685D39C6489859179F950B; };
		A97D442803727B8CB1945F5D = {isa = PBXBuildFile; fileRef = AD21C920CFC9D5582682E00D; };
		1965B70C79811C83565C7560 = {isa = PBXBuildFile; fileRef = 4B986DBF2CD187772D65A75F; };
		DDC70E53A16389181AA79747 = {isa = PBXBuildFile; fileRef = 34C1D8D8CAD4992FFB2E3EC1; };
		0C9996A84AE1F62DEE3FFEA6 = {isa = PBXBuildFile; fileRef = 42337401E123FA795CBFAA2A; };
		9BF13D01272301C9957E0B11 = {isa = PBXBuildFile; fileRef = 2DFE1E0A958DDB63AC8C6B4E; };
		EA66D7E034DA69D5A3EA8755 = {isa = PBXBuildFile; fileRef = E71E4FDDDCE0940C6CAB4C10; };
		4840C71E9384A99BDFA2374E = {isa = PBXBuildFile; fileRef = D598D7681A42B17FE6CD55D7; };
		D4B668AC16131B135EA2BEBD = {isa = PBXBuildFile; fileRef = 4B6071E8B7C6154343000648; };
		C6A7F6224FEEFAE9EAC44A01 = {isa = PBXBuildFile; fileRef = 22D046300A12513469E09EC1; };
		EA41C190D9A8FDE16A7A6F19 = {isa = PBXBuildFile; fileRef = 45314BD4F0382172F3C538D2; };
		61B61EC6662029719DC0C5A0 = {isa = PBXBuildFile; fileRef = 57ABA7D59CF715F2D77EC9D8; };
		BD17F1F447CD9FC8F318EF5F = {isa = PBXBuildFile; fileRef = 85949FC23CD782F331FEE1AF; };
		9348F6D2D5A9FC50D7BAE69D = {isa = PBXBuildFile; fileRef = BCC2A5CCD0904582A6094DE6; };
		CFF064A3A954EE499C9FD2ED = {isa = PBXBuildFile; fileRef = DB175D7C9A7365E711D74A30; };
		6DE434685EC290E8C1C7C8EB = {isa = PBXBuildFile; fileRef = E937D475FA3CFBE132FA6C46; };
		D5D01A7D03A515979A23DC94 = {isa = PBXBuildFile; fileRef = 280207940A52785A435DF895; };
		79B37CFB1DBFE0BBF27C7B74 = {isa = PBXBuildFile; fileRef = 61158BA8DAB845985BBFAA15; };
		A705E0D4EDD5A860BA5B147C = {isa = PBXBuildFile; fileRef = 509AF33CF2A960AD30CAA290; };
		7E111D3BABFE5049BA60764E = {isa = PBXBuildFile; fileRef = 802F9F2CFF2A97847590A8D8; };
		FD524E35CFC2A5E689018943 = {isa = PBXBuildFile; fileRef = BA836ECB2E840D0461E6614F; };
		EEEE86CB3D271FAD85445C05 = {isa = PBXBuildFile; fileRef = 1EE7182355865087BCF1BD11; };
		822DC11BB493DF2B522793B2 = {isa = PBXBuildFile; fileRef = 27543CF6F38EC38EE636DE90; };
		EF03BA943939E7F9B4C8B113 = {isa = PBXBuildFile; fileRef = 3C4182922823ED3E1561CE80; };
		D53C06994B2C277802D9CE5C = {isa = PBXBuildFile; fileRef = 812ED0888C97E27F1FDE1AC3; };
		F6B9043D664EA0BEE11691F2 = {isa = PBXBuildFile; fileRef = 4142E39343C3B7F08DD81D89; };
		0313F24E53F60BD34DF0A8B3 = {isa = PBXBuildFile; fileRef = 00869B72478A5542BC79DED2; };
		F2BD4FCC5DD4A682F7D4AEAF = {isa = PBXBuildFile; fileRef = 89308500303F330B3FB3BA4D; };
		1FD2CACE49544E1EEBDE3491 = {isa = PBXBuildFile; fileRef = FFEB37CB5B7F187C69F4751D; };
		9CB863695B7C2EE394C1E660 = {isa = PBXBuildFile; fileRef = 43060FED1D888B5303433C0E; };
		35C4A98553508D4DAC89AB16 = {isa = PBXBuildFile; fileRef = 78CB752509E4C566530A2918; };
		AC762FFE5AD1DFB9715D65F7 = {isa = PBXBuildFile; fileRef = 95277C5404B50F0D2E44B86D; };
		DACD94C7068324C14C0157C2 = {isa = PBXBuildFile; fileRef = 75E0B8E5577D82BC1D9908AC; };
		072B89CEDFE93A799502B0A6 = {isa = PBXBuildFile; fileRef = 6915B923FFF49D8F38CC7505; };
		7319C741F11EE96728D84C18 = {isa = PBXBuildFile; fileRef = 571FF637EB9517F8CFD80B71; };
		F770402C3FB8876AC99D664F = {isa = PBXBuildFile; fileRef = 76CEBA33432F01716A8B77DA; };
		A43BFE637650CD135640C7B5 = {isa = PBXBuildFile; fileRef = 26A307C69E0CA0BD4DB76C8A; };
		A0158A1B96603B51256D31AE = {isa = PBXBuildFile; fileRef = 9B6CFEF6EBFD7CA48906A006; };
		00869B72478A5542BC79DED2 = {isa = PBXFileReference; lastKnownFileType = sourcecode.cpp.cpp; name = "include_juce_audio_plugin_client_VST2.cpp"; path = "../../JuceLibraryCode/include_juce_audio_plugin_client_VST2.cpp"; sourceTree = "SOURCE_ROOT"; };
		14A01982970698CFE4F56255 = {isa = PBXFileReference; lastKnownFileType = sourcecode.c.h; name = JuceHeader.h; path = ../../JuceLibraryCode/JuceHeader.h; sourceTree = "SOURCE_ROOT"; };
		17F98FE352DC4157665CBDE4 = {isa = PBXFileReference; lastKnownFileType = text.plist.xml; name = PpmPlugin.entitlements; path = PpmPlugin.entitlements; sourceTree = "SOURCE_ROOT"; };
		1B8903890FBD5A4368772232 = {isa = PBXFileReference; lastKnownFileType = wrapper.framework; name = AudioToolbox.framework; path = System/Library/Frameworks/AudioToolbox.framework; sourceTree = SDKROOT; };
		1EE7182355865087BCF1BD11 = {isa = PBXFileReference; lastKnownFileType = sourcecode.cpp.objcpp; name = "include_juce_audio_plugin_client_AU_1.mm"; path = "../../JuceLibraryCode/include_juce_audio_plugin_client_AU_1.mm"; sourceTree = "SOURCE_ROOT"; };
		22D046300A12513469E09EC1 = {isa = PBXFileReference; lastKnownFileType = file.nib; name = RecentFilesMenuTemplate.nib; path = RecentFilesMenuTemplate.nib; sourceTree = "SOURCE_ROOT"; };
		26A307C69E0CA0BD4DB76C8A = {isa = PBXFileReference; lastKnownFileType = sourcecode.cpp.objcpp; name = "include_juce_opengl.mm"; path = "../../JuceLibraryCode/include_juce_opengl.mm"; sourceTree = "SOURCE_ROOT"; };
		27543CF6F38EC38EE636DE90 = {isa = PBXFileReference; lastKnownFileType = sourcecode.cpp.objcpp; name = "include_juce_audio_plugin_client_AU_2.mm"; path = "../../JuceLibraryCode/include_juce_audio_plugin_client_AU_2.mm"; sourceTree = "SOURCE_ROOT"; };
		280207940A52785A435DF895 = {isa = PBXFileReference; lastKnownFileType = sourcecode.c.h; name = PluginEditor.h; path = ../../Source/PluginEditor.h; sourceTree = "SOURCE_ROOT"; };
		2DFE1E0A958DDB63AC8C6B4E = {isa = PBXFileReference; lastKnownFileType = wrapper.framework; name = IOKit.framework; path = System/Library/Frameworks/IOKit.framework; sourceTree = SDKROOT; };
		31F43D78DF97D742479EA88F = {isa = PBXFileReference; lastKnownFileType = wrapper.framework; name = Carbon.framework; path = System/Library/Frameworks/Carbon.framework; sourceTree = SDKROOT; };
		34C1D8D8CAD4992FFB2E3EC1 = {isa = PBXFileReference; lastKnownFileType = wrapper.framework; name = CoreMIDI.framework; path = System/Library/Frameworks/CoreMIDI.framework; sourceTree = SDKROOT; };
		3C4182922823ED3E1561CE80 = {isa = PBXFileReference; lastKnownFileType = sourcecode.cpp.cpp; name = "include_juce_audio_plugin_client_Standalone.cpp"; path = "../../JuceLibraryCode/include_juce_audio_plugin_client_Standalone.cpp"; sourceTree = "SOURCE_ROOT"; };
		42337401E123FA795CBFAA2A = {isa = PBXFileReference; lastKnownFileType = wrapper.framework; name = DiscRecording.framework; path = System/Library/Frameworks/DiscRecording.framework; sourceTree = SDKROOT; };
		67158E39A2DCDD33F8EEFF7D = {isa = PBXFileReference; lastKnownFileType = text.plist.xml; name = "Info-AU.plist"; path = "Info-AU.plist"; sourceTree = "SOURCE_ROOT"; };
		97F82427B2D6AC2B7A0C2448 = {isa = PBXFileReference; explicitFileType = wrapper.cfbundle; includeInIndex = 0; path = PpmPlugin.vst; sourceTree = "BUILT_PRODUCTS_DIR"; };
		3EEA9806339E1119237E88E3 = {isa = PBXFileReference; explicitFileType = wrapper.cfbundle; includeInIndex = 0; path = PpmPlugin.component; sourceTree = "BUILT_PRODUCTS_DIR"; };
		2006BB74C7E41AFC732D0AE8 = {isa = PBXFileReference; explicitFileType = wrapper.application; includeInIndex = 0; path = PpmPlugin.app; sourceTree = "BUILT_PRODUCTS_DIR"; };
		4142E39343C3B7F08DD81D89 = {isa = PBXFileReference; lastKnownFileType = sourcecode.cpp.objcpp; name = "include_juce_audio_plugin_client_VST_utils.mm"; path = "../../JuceLibraryCode/include_juce_audio_plugin_client_VST_utils.mm"; sourceTree = "SOURCE_ROOT"; };
		43060FED1D888B5303433C0E = {isa = PBXFileReference; lastKnownFileType = sourcecode.cpp.objcpp; name = "include_juce_core.mm"; path = "../../JuceLibraryCode/include_juce_core.mm"; sourceTree = "SOURCE_ROOT"; };
		45314BD4F0382172F3C538D2 = {isa = PBXFileReference; lastKnownFileType = sourcecode.cpp.cpp; name = Ppm.cpp; path = ../../Source/Ppm.cpp; sourceTree = "SOURCE_ROOT"; };
		480D30B2E17A3FDEBF45A514 = {isa = PBXFileReference; lastKnownFileType = sourcecode.c.h; name = Ppm.h; path = ../../Source/Ppm.h; sourceTree = "SOURCE_ROOT"; };
		4B6071E8B7C6154343000648 = {isa = PBXFileReference; lastKnownFileType = wrapper.framework; name = WebKit.framework; path = System/Library/Frameworks/WebKit.framework; sourceTree = SDKROOT; };
		4B986DBF2CD187772D65A75F = {isa = PBXFileReference; lastKnownFileType = wrapper.framework; name = CoreMedia.framework; path = System/Library/Frameworks/CoreMedia.framework; sourceTree = SDKROOT; };
		509AF33CF2A960AD30CAA290 = {isa = PBXFileReference; lastKnownFileType = sourcecode.cpp.objcpp; name = "include_juce_audio_devices.mm"; path = "../../JuceLibraryCode/include_juce_audio_devices.mm"; sourceTree = "SOURCE_ROOT"; };
		540C11EF2084BFBC63E75585 = {isa = PBXFileReference; lastKnownFileType = file; name = "juce_graphics"; path = "../../../../../../others/JUCE/modules/juce_graphics"; sourceTree = "SOURCE_ROOT"; };
		571FF637EB9517F8CFD80B71 = {isa = PBXFileReference; lastKnownFileType = sourcecode.cpp.objcpp; name = "include_juce_gui_basics.mm"; path = "../../JuceLibraryCode/include_juce_gui_basics.mm"; sourceTree = "SOURCE_ROOT"; };
		57ABA7D59CF715F2D77EC9D8 = {isa = PBXFileReference; lastKnownFileType = sourcecode.cpp.cpp; name = MeterComponent.cpp; path = ../../Source/MeterComponent.cpp; sourceTree = "SOURCE_ROOT"; };
		61158BA8DAB845985BBFAA15 = {isa = PBXFileReference; lastKnownFileType = sourcecode.cpp.objcpp; name = "include_juce_audio_basics.mm"; path = "../../JuceLibraryCode/include_juce_audio_basics.mm"; sourceTree = "SOURCE_ROOT"; };
		62B6728135F7F1A210E12673 = {isa = PBXFileReference; lastKnownFileType = sourcecode.c.h; name = AppConfig.h; path = ../../JuceLibraryCode/AppConfig.h; sourceTree = "SOURCE_ROOT"; };
		68179EBD861331E2E5F91F53 = {isa = PBXFileReference; lastKnownFileType = file; name = "juce_opengl"; path = "../../../../../../others/JUCE/modules/juce_opengl"; sourceTree = "SOURCE_ROOT"; };
		6915B923FFF49D8F38CC7505 = {isa = PBXFileReference; lastKnownFileType = sourcecode.cpp.objcpp; name = "include_juce_graphics.mm"; path = "../../JuceLibraryCode/include_juce_graphics.mm"; sourceTree = "SOURCE_ROOT"; };
		6C80FC826FB2D5CF74C384BB = {isa = PBXFileReference; lastKnownFileType = sourcecode.c.h; name = ErrorDef.h; path = ../../Source/ErrorDef.h; sourceTree = "SOURCE_ROOT"; };
		7014D6C758760E80F9DE4761 = {isa = PBXFileReference; lastKnownFileType = text.plist.xml; name = "Info-Standalone_Plugin.plist"; path = "Info-Standalone_Plugin.plist"; sourceTree = "SOURCE_ROOT"; };
		70ACFB26C136936B520A2E96 = {isa = PBXFileReference; lastKnownFileType = file; name = "juce_data_structures"; path = "../../../../../../others/JUCE/modules/juce_data_structures"; sourceTree = "SOURCE_ROOT"; };
		75E0B8E5577D82BC1D9908AC = {isa = PBXFileReference; lastKnownFileType = sourcecode.cpp.objcpp; name = "include_juce_events.mm"; path = "../../JuceLibraryCode/include_juce_events.mm"; sourceTree = "SOURCE_ROOT"; };
		76CEBA33432F01716A8B77DA = {isa = PBXFileReference; lastKnownFileType = sourcecode.cpp.objcpp; name = "include_juce_gui_extra.mm"; path = "../../JuceLibraryCode/include_juce_gui_extra.mm"; sourceTree = "SOURCE_ROOT"; };
		78CB752509E4C566530A2918 = {isa = PBXFileReference; lastKnownFileType = sourcecode.cpp.objcpp; name = "include_juce_cryptography.mm"; path = "../../JuceLibraryCode/include_juce_cryptography.mm"; sourceTree = "SOURCE_ROOT"; };
		802F9F2CFF2A97847590A8D8 = {isa = PBXFileReference; lastKnownFileType = sourcecode.cpp.objcpp; name = "include_juce_audio_formats.mm"; path = "../../JuceLibraryCode/include_juce_audio_formats.mm"; sourceTree = "SOURCE_ROOT"; };
		812ED0888C97E27F1FDE1AC3 = {isa = PBXFileReference; lastKnownFileType = sourcecode.cpp.cpp; name = "include_juce_audio_plugin_client_utils.cpp"; path = "../../JuceLibraryCode/include_juce_audio_plugin_client_utils.cpp"; sourceTree = "SOURCE_ROOT"; };
		856556094D3977EDA41D623B = {isa = PBXFileReference; lastKnownFileType = wrapper.framework; name = AVFoundation.framework; path = System/Library/Frameworks/AVFoundation.framework; sourceTree = SDKROOT; };
		85949FC23CD782F331FEE1AF = {isa = PBXFileReference; lastKnownFileType = sourcecode.c.h; name = MeterComponent.h; path = ../../Source/MeterComponent.h; sourceTree = "SOURCE_ROOT"; };
		89308500303F330B3FB3BA4D = {isa = PBXFileReference; lastKnownFileType = sourcecode.cpp.objcpp; name = "include_juce_audio_processors.mm"; path = "../../JuceLibraryCode/include_juce_audio_processors.mm"; sourceTree = "SOURCE_ROOT"; };
		89F5D73026332074EA1788B7 = {isa = PBXFileReference; lastKnownFileType = file; name = "juce_gui_basics"; path = "../../../../../../others/JUCE/modules/juce_gui_basics"; sourceTree = "SOURCE_ROOT"; };
		8FC448F7774364B0D44493A5 = {isa = PBXFileReference; lastKnownFileType = file; name = "juce_events"; path = "../../../../../../others/JUCE/modules/juce_events"; sourceTree = "SOURCE_ROOT"; };
		90685D39C6489859179F950B = {isa = PBXFileReference; lastKnownFileType = wrapper.framework; name = CoreAudio.framework; path = System/Library/Frameworks/CoreAudio.framework; sourceTree = SDKROOT; };
		93842B6651858F6BE8B56726 = {isa = PBXFileReference; lastKnownFileType = file; name = "juce_audio_utils"; path = "../../../../../../others/JUCE/modules/juce_audio_utils"; sourceTree = "SOURCE_ROOT"; };
		95277C5404B50F0D2E44B86D = {isa = PBXFileReference; lastKnownFileType = sourcecode.cpp.objcpp; name = "include_juce_data_structures.mm"; path = "../../JuceLibraryCode/include_juce_data_structures.mm"; sourceTree = "SOURCE_ROOT"; };
		9B6CFEF6EBFD7CA48906A006 = {isa = PBXFileReference; lastKnownFileType = sourcecode.cpp.objcpp; name = "include_juce_video.mm"; path = "../../JuceLibraryCode/include_juce_video.mm"; sourceTree = "SOURCE_ROOT"; };
		AC79423B3BBDD16D2DFEE63F = {isa = PBXFileReference; lastKnownFileType = file; name = "juce_cryptography"; path = "../../../../../../others/JUCE/modules/juce_cryptography"; sourceTree = "SOURCE_ROOT"; };
		AD21C920CFC9D5582682E00D = {isa = PBXFileReference; lastKnownFileType = wrapper.framework; name = CoreAudioKit.framework; path = System/Library/Frameworks/CoreAudioKit.framework; sourceTree = SDKROOT; };
		B108DAC9E8072B3CFBE46303 = {isa = PBXFileReference; lastKnownFileType = file; name = "juce_gui_extra"; path = "../../../../../../others/JUCE/modules/juce_gui_extra"; sourceTree = "SOURCE_ROOT"; };
		B6A8AE2E1CD9661249D70393 = {isa = PBXFileReference; lastKnownFileType = text.plist.xml; name = "Info-VST.plist"; path = "Info-VST.plist"; sourceTree = "SOURCE_ROOT"; };
		B7AD1BC5416C19553A43749C = {isa = PBXFileReference; lastKnownFileType = file; name = "juce_audio_plugin_client"; path = "../../../../../../others/JUCE/modules/juce_audio_plugin_client"; sourceTree = "SOURCE_ROOT"; };
		B8BCA964C848F307F342D9FD = {isa = PBXFileReference; lastKnownFileType = wrapper.framework; name = Accelerate.framework; path = System/Library/Frameworks/Accelerate.framework; sourceTree = SDKROOT; };
		BA836ECB2E840D0461E6614F = {isa = PBXFileReference; lastKnownFileType = file.r; name = "include_juce_audio_plugin_client_AU.r"; path = "../../JuceLibraryCode/include_juce_audio_plugin_client_AU.r"; sourceTree = "SOURCE_ROOT"; };
		BCC2A5CCD0904582A6094DE6 = {isa = PBXFileReference; lastKnownFileType = sourcecode.cpp.cpp; name = PluginProcessor.cpp; path = ../../Source/PluginProcessor.cpp; sourceTree = "SOURCE_ROOT"; };
		C317BADB42DA5D0D83FFF715 = {isa = PBXFileReference; lastKnownFileType = file; name = "juce_video"; path = "../../../../../../others/JUCE/modules/juce_video"; sourceTree = "SOURCE_ROOT"; };
		CD94C84523E39E860F76D438 = {isa = PBXFileReference; lastKnownFileType = wrapper.framework; name = AudioUnit.framework; path = System/Library/Frameworks/AudioUnit.framework; sourceTree = SDKROOT; };
		D43A062C929C31500F7056A2 = {isa = PBXFileReference; lastKnownFileType = file; name = "juce_audio_formats"; path = "../../../../../../others/JUCE/modules/juce_audio_formats"; sourceTree = "SOURCE_ROOT"; };
		D598D7681A42B17FE6CD55D7 = {isa = PBXFileReference; lastKnownFileType = wrapper.framework; name = QuartzCore.framework; path = System/Library/Frameworks/QuartzCore.framework; sourceTree = SDKROOT; };
		D61C3CBC8CC59F9FC33F5B87 = {isa = PBXFileReference; explicitFileType = archive.ar; includeInIndex = 0; path = libPpmPlugin.a; sourceTree = "BUILT_PRODUCTS_DIR"; };
		DB175D7C9A7365E711D74A30 = {isa = PBXFileReference; lastKnownFileType = sourcecode.c.h; name = PluginProcessor.h; path = ../../Source/PluginProcessor.h; sourceTree = "SOURCE_ROOT"; };
		DE427120D7532E77B9F0659F = {isa = PBXFileReference; lastKnownFileType = file; name = "juce_audio_basics"; path = "../../../../../../others/JUCE/modules/juce_audio_basics"; sourceTree = "SOURCE_ROOT"; };
		E379345BDC96B6CF3EFE9186 = {isa = PBXFileReference; lastKnownFileType = file; name = "juce_audio_processors"; path = "../../../../../../others/JUCE/modules/juce_audio_processors"; sourceTree = "SOURCE_ROOT"; };
		E4E879C1273A07485F4AD40D = {isa = PBXFileReference; lastKnownFileType = file; name = "juce_core"; path = "../../../../../../others/JUCE/modules/juce_core"; sourceTree = "SOURCE_ROOT"; };
		E5BC588789D9D837B72671BA = {isa = PBXFileReference; lastKnownFileType = wrapper.framework; name = Cocoa.framework; path = System/Library/Frameworks/Cocoa.framework; sourceTree = SDKROOT; };
		E71E4FDDDCE0940C6CAB4C10 = {isa = PBXFileReference; lastKnownFileType = wrapper.framework; name = OpenGL.framework; path = System/Library/Frameworks/OpenGL.framework; sourceTree = SDKROOT; };
		E937D475FA3CFBE132FA6C46 = {isa = PBXFileReference; lastKnownFileType = sourcecode.cpp.cpp; name = PluginEditor.cpp; path = ../../Source/PluginEditor.cpp; sourceTree = "SOURCE_ROOT"; };
		EB4D7E83605684C8B9FF3614 = {isa = PBXFileReference; lastKnownFileType = wrapper.framework; name = AVKit.framework; path = System/Library/Frameworks/AVKit.framework; sourceTree = SDKROOT; };
		F506C44AB7081678FCD888B9 = {isa = PBXFileReference; lastKnownFileType = file; name = "juce_audio_devices"; path = "../../../../../../others/JUCE/modules/juce_audio_devices"; sourceTree = "SOURCE_ROOT"; };
		FFEB37CB5B7F187C69F4751D = {isa = PBXFileReference; lastKnownFileType = sourcecode.cpp.objcpp; name = "include_juce_audio_utils.mm"; path = "../../JuceLibraryCode/include_juce_audio_utils.mm"; sourceTree = "SOURCE_ROOT"; };
		7938AC63D13D82849F21DA2B = {isa = PBXGroup; children = (
					6C80FC826FB2D5CF74C384BB,
					45314BD4F0382172F3C538D2,
					480D30B2E17A3FDEBF45A514,
					57ABA7D59CF715F2D77EC9D8,
					85949FC23CD782F331FEE1AF,
					BCC2A5CCD0904582A6094DE6,
					DB175D7C9A7365E711D74A30,
					E937D475FA3CFBE132FA6C46,
					280207940A52785A435DF895, ); name = Source; sourceTree = "<group>"; };
		80AE1EAD0E8C31C375E0C2B3 = {isa = PBXGroup; children = (
					7938AC63D13D82849F21DA2B, ); name = PpmPlugin; sourceTree = "<group>"; };
		6F94C8DE789901E9CDAEC9FC = {isa = PBXGroup; children = (
					DE427120D7532E77B9F0659F,
					F506C44AB7081678FCD888B9,
					D43A062C929C31500F7056A2,
					B7AD1BC5416C19553A43749C,
					E379345BDC96B6CF3EFE9186,
					93842B6651858F6BE8B56726,
					E4E879C1273A07485F4AD40D,
					AC79423B3BBDD16D2DFEE63F,
					70ACFB26C136936B520A2E96,
					8FC448F7774364B0D44493A5,
					540C11EF2084BFBC63E75585,
					89F5D73026332074EA1788B7,
					B108DAC9E8072B3CFBE46303,
					68179EBD861331E2E5F91F53,
					C317BADB42DA5D0D83FFF715, ); name = "JUCE Modules"; sourceTree = "<group>"; };
		0687E34B8570E7281FF19E8A = {isa = PBXGroup; children = (
					62B6728135F7F1A210E12673,
					61158BA8DAB845985BBFAA15,
					509AF33CF2A960AD30CAA290,
					802F9F2CFF2A97847590A8D8,
					BA836ECB2E840D0461E6614F,
					1EE7182355865087BCF1BD11,
					27543CF6F38EC38EE636DE90,
					3C4182922823ED3E1561CE80,
					812ED0888C97E27F1FDE1AC3,
					4142E39343C3B7F08DD81D89,
					00869B72478A5542BC79DED2,
					89308500303F330B3FB3BA4D,
					FFEB37CB5B7F187C69F4751D,
					43060FED1D888B5303433C0E,
					78CB752509E4C566530A2918,
					95277C5404B50F0D2E44B86D,
					75E0B8E5577D82BC1D9908AC,
					6915B923FFF49D8F38CC7505,
					571FF637EB9517F8CFD80B71,
					76CEBA33432F01716A8B77DA,
					26A307C69E0CA0BD4DB76C8A,
					9B6CFEF6EBFD7CA48906A006,
					14A01982970698CFE4F56255, ); name = "JUCE Library Code"; sourceTree = "<group>"; };
		BEB9AEED534588A91362E5AD = {isa = PBXGroup; children = (
					B6A8AE2E1CD9661249D70393,
					67158E39A2DCDD33F8EEFF7D,
					7014D6C758760E80F9DE4761,
					22D046300A12513469E09EC1, ); name = Resources; sourceTree = "<group>"; };
		377498E2FBD32ACB8F8B228F = {isa = PBXGroup; children = (
					B8BCA964C848F307F342D9FD,
					1B8903890FBD5A4368772232,
					CD94C84523E39E860F76D438,
					856556094D3977EDA41D623B,
					EB4D7E83605684C8B9FF3614,
					31F43D78DF97D742479EA88F,
					E5BC588789D9D837B72671BA,
					90685D39C6489859179F950B,
					AD21C920CFC9D5582682E00D,
					4B986DBF2CD187772D65A75F,
					34C1D8D8CAD4992FFB2E3EC1,
					42337401E123FA795CBFAA2A,
					2DFE1E0A958DDB63AC8C6B4E,
					E71E4FDDDCE0940C6CAB4C10,
					D598D7681A42B17FE6CD55D7,
					4B6071E8B7C6154343000648, ); name = Frameworks; sourceTree = "<group>"; };
		7E6A224361DB84021D42D759 = {isa = PBXGroup; children = (
					97F82427B2D6AC2B7A0C2448,
					3EEA9806339E1119237E88E3,
					2006BB74C7E41AFC732D0AE8,
					D61C3CBC8CC59F9FC33F5B87, ); name = Products; sourceTree = "<group>"; };
		55F2078E4819746AF2926D61 = {isa = PBXGroup; children = (
					17F98FE352DC4157665CBDE4,
					80AE1EAD0E8C31C375E0C2B3,
					6F94C8DE789901E9CDAEC9FC,
					0687E34B8570E7281FF19E8A,
					BEB9AEED534588A91362E5AD,
					377498E2FBD32ACB8F8B228F,
					7E6A224361DB84021D42D759, ); name = Source; sourceTree = "<group>"; };
		2F4A43B9DEB98BFEEA4F39C4 = {isa = XCBuildConfiguration; buildSettings = {
				MACOSX_DEPLOYMENT_TARGET = 10.11; }; name = Debug; };
		0DD1E39EFAA350CE2AC77393 = {isa = XCBuildConfiguration; buildSettings = {
				MACOSX_DEPLOYMENT_TARGET = 10.11; }; name = Release; };
		C48962CA989FB79A283F1965 = {isa = XCBuildConfiguration; buildSettings = {
				CLANG_CXX_LANGUAGE_STANDARD = "c++14";
				CLANG_LINK_OBJC_RUNTIME = NO;
				COMBINE_HIDPI_IMAGES = YES;
				CONFIGURATION_BUILD_DIR = "$(PROJECT_DIR)/build/$(CONFIGURATION)";
				COPY_PHASE_STRIP = NO;
				DEPLOYMENT_LOCATION = YES;
				DSTROOT = /;
				GCC_DYNAMIC_NO_PIC = NO;
				GCC_OPTIMIZATION_LEVEL = 0;
				GCC_PREPROCESSOR_DEFINITIONS = (
					"_DEBUG=1",
					"DEBUG=1",
					"JUCER_XCODE_MAC_F6D2F4CF=1",
					"JUCE_APP_VERSION=1.0.0",
					"JUCE_APP_VERSION_HEX=0x10000",
					"JucePlugin_Build_VST=1",
					"JucePlugin_Build_VST3=0",
					"JucePlugin_Build_AU=0",
					"JucePlugin_Build_AUv3=0",
					"JucePlugin_Build_RTAS=0",
					"JucePlugin_Build_AAX=0",
					"JucePlugin_Build_Standalone=0", );
				GCC_VERSION = com.apple.compilers.llvm.clang.1_0;
				GENERATE_PKGINFO_FILE = YES;
				HEADER_SEARCH_PATHS = ("../../JuceLibraryCode", "../../../../../../others/JUCE/modules", "../../../../../../others/JUCE/modules/juce_audio_plugin_client", "$(inherited)");
				INFOPLIST_FILE = Info-VST.plist;
				INFOPLIST_PREPROCESS = NO;
				INSTALL_PATH = "$(HOME)/Library/Audio/Plug-Ins/VST/";
				LIBRARY_STYLE = Bundle;
				MACOSX_DEPLOYMENT_TARGET = 10.11;
				MACOSX_DEPLOYMENT_TARGET_ppc = 10.4;
				OTHER_LDFLAGS = "-bundle -lPpmPlugin";
				PRODUCT_BUNDLE_IDENTIFIER = com.yourcompany.PpmPlugin;
				SDKROOT_ppc = macosx10.5;
				USE_HEADERMAP = NO;
				WRAPPER_EXTENSION = vst; }; name = Debug; };
		0E7D7C91AC1F48E61AE98777 = {isa = XCBuildConfiguration; buildSettings = {
				CLANG_CXX_LANGUAGE_STANDARD = "c++14";
				CLANG_LINK_OBJC_RUNTIME = NO;
				COMBINE_HIDPI_IMAGES = YES;
				CONFIGURATION_BUILD_DIR = "$(PROJECT_DIR)/build/$(CONFIGURATION)";
				DEAD_CODE_STRIPPING = YES;
				DEPLOYMENT_LOCATION = YES;
				DSTROOT = /;
				GCC_GENERATE_DEBUGGING_SYMBOLS = NO;
				GCC_OPTIMIZATION_LEVEL = 3;
				GCC_PREPROCESSOR_DEFINITIONS = (
					"_NDEBUG=1",
					"NDEBUG=1",
					"JUCER_XCODE_MAC_F6D2F4CF=1",
					"JUCE_APP_VERSION=1.0.0",
					"JUCE_APP_VERSION_HEX=0x10000",
					"JucePlugin_Build_VST=1",
					"JucePlugin_Build_VST3=0",
					"JucePlugin_Build_AU=0",
					"JucePlugin_Build_AUv3=0",
					"JucePlugin_Build_RTAS=0",
					"JucePlugin_Build_AAX=0",
					"JucePlugin_Build_Standalone=0", );
				GCC_SYMBOLS_PRIVATE_EXTERN = YES;
				GCC_VERSION = com.apple.compilers.llvm.clang.1_0;
				GENERATE_PKGINFO_FILE = YES;
				HEADER_SEARCH_PATHS = ("../../JuceLibraryCode", "../../../../../../others/JUCE/modules", "../../../../../../others/JUCE/modules/juce_audio_plugin_client", "$(inherited)");
				INFOPLIST_FILE = Info-VST.plist;
				INFOPLIST_PREPROCESS = NO;
				INSTALL_PATH = "$(HOME)/Library/Audio/Plug-Ins/VST/";
				LIBRARY_STYLE = Bundle;
				LLVM_LTO = YES;
				MACOSX_DEPLOYMENT_TARGET = 10.11;
				MACOSX_DEPLOYMENT_TARGET_ppc = 10.4;
				OTHER_LDFLAGS = "-bundle -lPpmPlugin";
				PRODUCT_BUNDLE_IDENTIFIER = com.yourcompany.PpmPlugin;
				SDKROOT_ppc = macosx10.5;
				USE_HEADERMAP = NO;
				WRAPPER_EXTENSION = vst; }; name = Release; };
		A88C12DB2C92A8FFA1D87EF9 = {isa = XCBuildConfiguration; buildSettings = {
				CLANG_CXX_LANGUAGE_STANDARD = "c++14";
				CLANG_LINK_OBJC_RUNTIME = NO;
				COMBINE_HIDPI_IMAGES = YES;
				CONFIGURATION_BUILD_DIR = "$(PROJECT_DIR)/build/$(CONFIGURATION)";
				COPY_PHASE_STRIP = NO;
				DEPLOYMENT_LOCATION = YES;
				DSTROOT = /;
				GCC_DYNAMIC_NO_PIC = NO;
				GCC_OPTIMIZATION_LEVEL = 0;
				GCC_PREPROCESSOR_DEFINITIONS = (
					"_DEBUG=1",
					"DEBUG=1",
					"JUCER_XCODE_MAC_F6D2F4CF=1",
					"JUCE_APP_VERSION=1.0.0",
					"JUCE_APP_VERSION_HEX=0x10000",
					"JucePlugin_Build_VST=0",
					"JucePlugin_Build_VST3=0",
					"JucePlugin_Build_AU=1",
					"JucePlugin_Build_AUv3=0",
					"JucePlugin_Build_RTAS=0",
					"JucePlugin_Build_AAX=0",
					"JucePlugin_Build_Standalone=0", );
				GCC_VERSION = com.apple.compilers.llvm.clang.1_0;
				GENERATE_PKGINFO_FILE = YES;
				HEADER_SEARCH_PATHS = ("../../JuceLibraryCode", "../../../../../../others/JUCE/modules", "../../../../../../others/JUCE/modules/juce_audio_plugin_client", "$(inherited)");
				INFOPLIST_FILE = Info-AU.plist;
				INFOPLIST_PREPROCESS = NO;
				INSTALL_PATH = "$(HOME)/Library/Audio/Plug-Ins/Components/";
				LIBRARY_STYLE = Bundle;
				MACOSX_DEPLOYMENT_TARGET = 10.11;
				MACOSX_DEPLOYMENT_TARGET_ppc = 10.4;
				OTHER_LDFLAGS = "-bundle -lPpmPlugin";
				OTHER_REZFLAGS = "-d ppc_$ppc -d i386_$i386 -d ppc64_$ppc64 -d x86_64_$x86_64 -I /System/Library/Frameworks/CoreServices.framework/Frameworks/CarbonCore.framework/Versions/A/Headers -I \"$(DEVELOPER_DIR)/Extras/CoreAudio/AudioUnits/AUPublic/AUBase\"";
				PRODUCT_BUNDLE_IDENTIFIER = com.yourcompany.PpmPlugin;
				SDKROOT_ppc = macosx10.5;
				USE_HEADERMAP = NO;
				WRAPPER_EXTENSION = component; }; name = Debug; };
		6A1E3F769360AD2A7915EDEC = {isa = XCBuildConfiguration; buildSettings = {
				CLANG_CXX_LANGUAGE_STANDARD = "c++14";
				CLANG_LINK_OBJC_RUNTIME = NO;
				COMBINE_HIDPI_IMAGES = YES;
				CONFIGURATION_BUILD_DIR = "$(PROJECT_DIR)/build/$(CONFIGURATION)";
				DEAD_CODE_STRIPPING = YES;
				DEPLOYMENT_LOCATION = YES;
				DSTROOT = /;
				GCC_GENERATE_DEBUGGING_SYMBOLS = NO;
				GCC_OPTIMIZATION_LEVEL = 3;
				GCC_PREPROCESSOR_DEFINITIONS = (
					"_NDEBUG=1",
					"NDEBUG=1",
					"JUCER_XCODE_MAC_F6D2F4CF=1",
					"JUCE_APP_VERSION=1.0.0",
					"JUCE_APP_VERSION_HEX=0x10000",
					"JucePlugin_Build_VST=0",
					"JucePlugin_Build_VST3=0",
					"JucePlugin_Build_AU=1",
					"JucePlugin_Build_AUv3=0",
					"JucePlugin_Build_RTAS=0",
					"JucePlugin_Build_AAX=0",
					"JucePlugin_Build_Standalone=0", );
				GCC_SYMBOLS_PRIVATE_EXTERN = YES;
				GCC_VERSION = com.apple.compilers.llvm.clang.1_0;
				GENERATE_PKGINFO_FILE = YES;
				HEADER_SEARCH_PATHS = ("../../JuceLibraryCode", "../../../../../../others/JUCE/modules", "../../../../../../others/JUCE/modules/juce_audio_plugin_client", "$(inherited)");
				INFOPLIST_FILE = Info-AU.plist;
				INFOPLIST_PREPROCESS = NO;
				INSTALL_PATH = "$(HOME)/Library/Audio/Plug-Ins/Components/";
				LIBRARY_STYLE = Bundle;
				LLVM_LTO = YES;
				MACOSX_DEPLOYMENT_TARGET = 10.11;
				MACOSX_DEPLOYMENT_TARGET_ppc = 10.4;
				OTHER_LDFLAGS = "-bundle -lPpmPlugin";
				OTHER_REZFLAGS = "-d ppc_$ppc -d i386_$i386 -d ppc64_$ppc64 -d x86_64_$x86_64 -I /System/Library/Frameworks/CoreServices.framework/Frameworks/CarbonCore.framework/Versions/A/Headers -I \"$(DEVELOPER_DIR)/Extras/CoreAudio/AudioUnits/AUPublic/AUBase\"";
				PRODUCT_BUNDLE_IDENTIFIER = com.yourcompany.PpmPlugin;
				SDKROOT_ppc = macosx10.5;
				USE_HEADERMAP = NO;
				WRAPPER_EXTENSION = component; }; name = Release; };
		8FDD4C4F0EE3C732466C669B = {isa = XCBuildConfiguration; buildSettings = {
				CLANG_CXX_LANGUAGE_STANDARD = "c++14";
				CLANG_LINK_OBJC_RUNTIME = NO;
				COMBINE_HIDPI_IMAGES = YES;
				CONFIGURATION_BUILD_DIR = "$(PROJECT_DIR)/build/$(CONFIGURATION)";
				COPY_PHASE_STRIP = NO;
				GCC_DYNAMIC_NO_PIC = NO;
				GCC_OPTIMIZATION_LEVEL = 0;
				GCC_PREPROCESSOR_DEFINITIONS = (
					"_DEBUG=1",
					"DEBUG=1",
					"JUCER_XCODE_MAC_F6D2F4CF=1",
					"JUCE_APP_VERSION=1.0.0",
					"JUCE_APP_VERSION_HEX=0x10000",
					"JucePlugin_Build_VST=0",
					"JucePlugin_Build_VST3=0",
					"JucePlugin_Build_AU=0",
					"JucePlugin_Build_AUv3=0",
					"JucePlugin_Build_RTAS=0",
					"JucePlugin_Build_AAX=0",
					"JucePlugin_Build_Standalone=1", );
				GCC_VERSION = com.apple.compilers.llvm.clang.1_0;
				HEADER_SEARCH_PATHS = ("../../JuceLibraryCode", "../../../../../../others/JUCE/modules", "../../../../../../others/JUCE/modules/juce_audio_plugin_client", "$(inherited)");
				INFOPLIST_FILE = Info-Standalone_Plugin.plist;
				INFOPLIST_PREPROCESS = NO;
				MACOSX_DEPLOYMENT_TARGET = 10.11;
				MACOSX_DEPLOYMENT_TARGET_ppc = 10.4;
				OTHER_LDFLAGS = "-lPpmPlugin";
				PRODUCT_BUNDLE_IDENTIFIER = com.yourcompany.PpmPlugin;
				SDKROOT_ppc = macosx10.5;
				USE_HEADERMAP = NO; }; name = Debug; };
		0208F83BC4D215A803171EEE = {isa = XCBuildConfiguration; buildSettings = {
				CLANG_CXX_LANGUAGE_STANDARD = "c++14";
				CLANG_LINK_OBJC_RUNTIME = NO;
				COMBINE_HIDPI_IMAGES = YES;
				CONFIGURATION_BUILD_DIR = "$(PROJECT_DIR)/build/$(CONFIGURATION)";
				DEAD_CODE_STRIPPING = YES;
				GCC_GENERATE_DEBUGGING_SYMBOLS = NO;
				GCC_OPTIMIZATION_LEVEL = 3;
				GCC_PREPROCESSOR_DEFINITIONS = (
					"_NDEBUG=1",
					"NDEBUG=1",
					"JUCER_XCODE_MAC_F6D2F4CF=1",
					"JUCE_APP_VERSION=1.0.0",
					"JUCE_APP_VERSION_HEX=0x10000",
					"JucePlugin_Build_VST=0",
					"JucePlugin_Build_VST3=0",
					"JucePlugin_Build_AU=0",
					"JucePlugin_Build_AUv3=0",
					"JucePlugin_Build_RTAS=0",
					"JucePlugin_Build_AAX=0",
					"JucePlugin_Build_Standalone=1", );
				GCC_SYMBOLS_PRIVATE_EXTERN = YES;
				GCC_VERSION = com.apple.compilers.llvm.clang.1_0;
				HEADER_SEARCH_PATHS = ("../../JuceLibraryCode", "../../../../../../others/JUCE/modules", "../../../../../../others/JUCE/modules/juce_audio_plugin_client", "$(inherited)");
				INFOPLIST_FILE = Info-Standalone_Plugin.plist;
				INFOPLIST_PREPROCESS = NO;
				LLVM_LTO = YES;
				MACOSX_DEPLOYMENT_TARGET = 10.11;
				MACOSX_DEPLOYMENT_TARGET_ppc = 10.4;
				OTHER_LDFLAGS = "-lPpmPlugin";
				PRODUCT_BUNDLE_IDENTIFIER = com.yourcompany.PpmPlugin;
				SDKROOT_ppc = macosx10.5;
				USE_HEADERMAP = NO; }; name = Release; };
		D8303B39728EB482E0DD3FBA = {isa = XCBuildConfiguration; buildSettings = {
				CLANG_CXX_LANGUAGE_STANDARD = "c++14";
				CLANG_LINK_OBJC_RUNTIME = NO;
				COMBINE_HIDPI_IMAGES = YES;
				CONFIGURATION_BUILD_DIR = "$(PROJECT_DIR)/build/$(CONFIGURATION)";
				COPY_PHASE_STRIP = NO;
				GCC_DYNAMIC_NO_PIC = NO;
				GCC_OPTIMIZATION_LEVEL = 0;
				GCC_PREPROCESSOR_DEFINITIONS = (
					"_DEBUG=1",
					"DEBUG=1",
					"JUCER_XCODE_MAC_F6D2F4CF=1",
					"JUCE_APP_VERSION=1.0.0",
					"JUCE_APP_VERSION_HEX=0x10000",
					"JucePlugin_Build_VST=1",
					"JucePlugin_Build_VST3=0",
					"JucePlugin_Build_AU=1",
					"JucePlugin_Build_AUv3=0",
					"JucePlugin_Build_RTAS=0",
					"JucePlugin_Build_AAX=0",
					"JucePlugin_Build_Standalone=1",
					"JUCE_SHARED_CODE=1", );
				GCC_VERSION = com.apple.compilers.llvm.clang.1_0;
				HEADER_SEARCH_PATHS = ("../../JuceLibraryCode", "../../../../../../others/JUCE/modules", "../../../../../../others/JUCE/modules/juce_audio_plugin_client", "$(inherited)");
				INSTALL_PATH = "@executable_path/../Frameworks";
				MACOSX_DEPLOYMENT_TARGET = 10.11;
				MACOSX_DEPLOYMENT_TARGET_ppc = 10.4;
				PRODUCT_BUNDLE_IDENTIFIER = com.yourcompany.PpmPlugin;
				SDKROOT_ppc = macosx10.5;
				USE_HEADERMAP = NO; }; name = Debug; };
		FD36F8B24BCBC1C062107FFB = {isa = XCBuildConfiguration; buildSettings = {
				CLANG_CXX_LANGUAGE_STANDARD = "c++14";
				CLANG_LINK_OBJC_RUNTIME = NO;
				COMBINE_HIDPI_IMAGES = YES;
				CONFIGURATION_BUILD_DIR = "$(PROJECT_DIR)/build/$(CONFIGURATION)";
				DEAD_CODE_STRIPPING = YES;
				GCC_GENERATE_DEBUGGING_SYMBOLS = NO;
				GCC_OPTIMIZATION_LEVEL = 3;
				GCC_PREPROCESSOR_DEFINITIONS = (
					"_NDEBUG=1",
					"NDEBUG=1",
					"JUCER_XCODE_MAC_F6D2F4CF=1",
					"JUCE_APP_VERSION=1.0.0",
					"JUCE_APP_VERSION_HEX=0x10000",
					"JucePlugin_Build_VST=1",
					"JucePlugin_Build_VST3=0",
					"JucePlugin_Build_AU=1",
					"JucePlugin_Build_AUv3=0",
					"JucePlugin_Build_RTAS=0",
					"JucePlugin_Build_AAX=0",
					"JucePlugin_Build_Standalone=1",
					"JUCE_SHARED_CODE=1", );
				GCC_SYMBOLS_PRIVATE_EXTERN = YES;
				GCC_VERSION = com.apple.compilers.llvm.clang.1_0;
				HEADER_SEARCH_PATHS = ("../../JuceLibraryCode", "../../../../../../others/JUCE/modules", "../../../../../../others/JUCE/modules/juce_audio_plugin_client", "$(inherited)");
				INSTALL_PATH = "@executable_path/../Frameworks";
				LLVM_LTO = YES;
				MACOSX_DEPLOYMENT_TARGET = 10.11;
				MACOSX_DEPLOYMENT_TARGET_ppc = 10.4;
				PRODUCT_BUNDLE_IDENTIFIER = com.yourcompany.PpmPlugin;
				SDKROOT_ppc = macosx10.5;
				USE_HEADERMAP = NO; }; name = Release; };
		3BF4FB5CC662313DC212555C = {isa = XCBuildConfiguration; buildSettings = {
				ALWAYS_SEARCH_USER_PATHS = NO;
				CLANG_WARN_BLOCK_CAPTURE_AUTORELEASING = YES;
				CLANG_WARN_BOOL_CONVERSION = YES;
				CLANG_WARN_COMMA = YES;
				CLANG_WARN_CONSTANT_CONVERSION = YES;
				CLANG_WARN_EMPTY_BODY = YES;
				CLANG_WARN_ENUM_CONVERSION = YES;
				CLANG_WARN_INFINITE_RECURSION = YES;
				CLANG_WARN_INT_CONVERSION = YES;
				CLANG_WARN_NON_LITERAL_NULL_CONVERSION = YES;
				CLANG_WARN_OBJC_LITERAL_CONVERSION = YES;
				CLANG_WARN_RANGE_LOOP_ANALYSIS = YES;
				CLANG_WARN_STRICT_PROTOTYPES = YES;
				CLANG_WARN_SUSPICIOUS_MOVE = YES;
				CLANG_WARN_UNREACHABLE_CODE = YES;
				CLANG_WARN__DUPLICATE_METHOD_MATCH = YES;
				DEBUG_INFORMATION_FORMAT = "dwarf";
				ENABLE_STRICT_OBJC_MSGSEND = YES;
				ENABLE_TESTABILITY = YES;
				GCC_C_LANGUAGE_STANDARD = c11;
				GCC_INLINES_ARE_PRIVATE_EXTERN = YES;
				GCC_MODEL_TUNING = G5;
				GCC_NO_COMMON_BLOCKS = YES;
				GCC_WARN_64_TO_32_BIT_CONVERSION = YES;
				GCC_WARN_ABOUT_RETURN_TYPE = YES;
				GCC_WARN_CHECK_SWITCH_STATEMENTS = YES;
				GCC_WARN_MISSING_PARENTHESES = YES;
				GCC_WARN_NON_VIRTUAL_DESTRUCTOR = YES;
				GCC_WARN_TYPECHECK_CALLS_TO_PRINTF = YES;
				GCC_WARN_UNDECLARED_SELECTOR = YES;
				GCC_WARN_UNINITIALIZED_AUTOS = YES;
				GCC_WARN_UNUSED_FUNCTION = YES;
				GCC_WARN_UNUSED_VARIABLE = YES;
				ONLY_ACTIVE_ARCH = YES;
				PRODUCT_NAME = "PpmPlugin";
				WARNING_CFLAGS = -Wreorder;
				ZERO_LINK = NO; }; name = Debug; };
		72382F94273420FD182604C9 = {isa = XCBuildConfiguration; buildSettings = {
				ALWAYS_SEARCH_USER_PATHS = NO;
				CLANG_WARN_BLOCK_CAPTURE_AUTORELEASING = YES;
				CLANG_WARN_BOOL_CONVERSION = YES;
				CLANG_WARN_COMMA = YES;
				CLANG_WARN_CONSTANT_CONVERSION = YES;
				CLANG_WARN_EMPTY_BODY = YES;
				CLANG_WARN_ENUM_CONVERSION = YES;
				CLANG_WARN_INFINITE_RECURSION = YES;
				CLANG_WARN_INT_CONVERSION = YES;
				CLANG_WARN_NON_LITERAL_NULL_CONVERSION = YES;
				CLANG_WARN_OBJC_LITERAL_CONVERSION = YES;
				CLANG_WARN_RANGE_LOOP_ANALYSIS = YES;
				CLANG_WARN_STRICT_PROTOTYPES = YES;
				CLANG_WARN_SUSPICIOUS_MOVE = YES;
				CLANG_WARN_UNREACHABLE_CODE = YES;
				CLANG_WARN__DUPLICATE_METHOD_MATCH = YES;
				DEBUG_INFORMATION_FORMAT = "dwarf";
				ENABLE_STRICT_OBJC_MSGSEND = YES;
				GCC_C_LANGUAGE_STANDARD = c11;
				GCC_INLINES_ARE_PRIVATE_EXTERN = YES;
				GCC_MODEL_TUNING = G5;
				GCC_NO_COMMON_BLOCKS = YES;
				GCC_WARN_64_TO_32_BIT_CONVERSION = YES;
				GCC_WARN_ABOUT_RETURN_TYPE = YES;
				GCC_WARN_CHECK_SWITCH_STATEMENTS = YES;
				GCC_WARN_MISSING_PARENTHESES = YES;
				GCC_WARN_NON_VIRTUAL_DESTRUCTOR = YES;
				GCC_WARN_TYPECHECK_CALLS_TO_PRINTF = YES;
				GCC_WARN_UNDECLARED_SELECTOR = YES;
				GCC_WARN_UNINITIALIZED_AUTOS = YES;
				GCC_WARN_UNUSED_FUNCTION = YES;
				GCC_WARN_UNUSED_VARIABLE = YES;
				PRODUCT_NAME = "PpmPlugin";
				WARNING_CFLAGS = -Wreorder;
				ZERO_LINK = NO; }; name = Release; };
		72566AEDD7A9B466746D7F9E = {isa = PBXTargetDependency; target = BC81A37D141619A7D6AACFE9; };
		680E45F1965B3F560ED93356 = {isa = PBXTargetDependency; target = 7A363B559002FF93DA616A6C; };
		3A9A5B8869AC0025401ADB3A = {isa = PBXTargetDependency; target = 82EAF3560882FC8B5905365A; };
		E08C7C96798C5A487897A780 = {isa = PBXTargetDependency; target = E5D6C5A8C6104EBD5DCF7885; };
		8D3F636DE7EDD0FBB05FBC71 = {isa = XCConfigurationList; buildConfigurations = (
					3BF4FB5CC662313DC212555C,
					72382F94273420FD182604C9, ); defaultConfigurationIsVisible = 0; defaultConfigurationName = Debug; };
		45E489EF885E6582697EDB46 = {isa = XCConfigurationList; buildConfigurations = (
					2F4A43B9DEB98BFEEA4F39C4,
					0DD1E39EFAA350CE2AC77393, ); defaultConfigurationIsVisible = 0; defaultConfigurationName = Debug; };
		CFD72A70464493BE9E4C074E = {isa = PBXAggregateTarget; buildConfigurationList = 45E489EF885E6582697EDB46; buildPhases = (  ); buildRules = ( ); dependencies = (
					72566AEDD7A9B466746D7F9E,
					680E45F1965B3F560ED93356,
					3A9A5B8869AC0025401ADB3A,
					E08C7C96798C5A487897A780, ); name = "PpmPlugin - All"; productName = PpmPlugin; };
		A2E5B27778FC6D26FF28A63B = {isa = XCConfigurationList; buildConfigurations = (
					C48962CA989FB79A283F1965,
					0E7D7C91AC1F48E61AE98777, ); defaultConfigurationIsVisible = 0; defaultConfigurationName = Debug; };
		6986709DACD6508F36C961C2 = {isa = PBXResourcesBuildPhase; buildActionMask = 2147483647; files = (
					C6A7F6224FEEFAE9EAC44A01, ); runOnlyForDeploymentPostprocessing = 0; };
		7686202AAD2D090360AB04B7 = {isa = PBXSourcesBuildPhase; buildActionMask = 2147483647; files = (
					0313F24E53F60BD34DF0A8B3, ); runOnlyForDeploymentPostprocessing = 0; };
		6A8584950CB7F6106CB36E22 = {isa = PBXFrameworksBuildPhase; buildActionMask = 2147483647; files = (
					5004F29473C50E74B9E0F302,
					D49AF2243A1FAFA42BE208E8,
					070C8935FEBF7E27D39B0D47,
					969E6CCFC4170D49CA7343F1,
					D8524570CEB78F9FAD2644A3,
					A3BD0C4A3A316E0A56981473,
					4A2D136FD4EF8D8E2E3FC33D,
					1965B70C79811C83565C7560,
					DDC70E53A16389181AA79747,
					0C9996A84AE1F62DEE3FFEA6,
					9BF13D01272301C9957E0B11,
					EA66D7E034DA69D5A3EA8755,
					4840C71E9384A99BDFA2374E,
					D4B668AC16131B135EA2BEBD, ); runOnlyForDeploymentPostprocessing = 0; };
		BC81A37D141619A7D6AACFE9 = {isa = PBXNativeTarget; buildConfigurationList = A2E5B27778FC6D26FF28A63B; buildPhases = (
					6986709DACD6508F36C961C2,
					7686202AAD2D090360AB04B7,
					6A8584950CB7F6106CB36E22, ); buildRules = ( ); dependencies = (
					E08C7C96798C5A487897A780, ); name = "PpmPlugin - VST"; productName = PpmPlugin; productReference = 97F82427B2D6AC2B7A0C2448; productType = "com.apple.product-type.bundle"; };
		8BD097C68854DF9BA1EA9E00 = {isa = XCConfigurationList; buildConfigurations = (
					A88C12DB2C92A8FFA1D87EF9,
					6A1E3F769360AD2A7915EDEC, ); defaultConfigurationIsVisible = 0; defaultConfigurationName = Debug; };
		9839E97FA291CC3C20478F11 = {isa = PBXResourcesBuildPhase; buildActionMask = 2147483647; files = (
					C6A7F6224FEEFAE9EAC44A01, ); runOnlyForDeploymentPostprocessing = 0; };
		851AEFF1DAB4515F6AE1C75E = {isa = PBXRezBuildPhase; buildActionMask = 2147483647; files = (
					FD524E35CFC2A5E689018943, ); runOnlyForDeploymentPostprocessing = 0; };
		931BA615B5E195FCB864714C = {isa = PBXSourcesBuildPhase; buildActionMask = 2147483647; files = (
					EEEE86CB3D271FAD85445C05,
					822DC11BB493DF2B522793B2, ); runOnlyForDeploymentPostprocessing = 0; };
		C90F323F47864F63A109794A = {isa = PBXFrameworksBuildPhase; buildActionMask = 2147483647; files = (
					5004F29473C50E74B9E0F302,
					D49AF2243A1FAFA42BE208E8,
					181093B2F0A5AE22EB172F9F,
					070C8935FEBF7E27D39B0D47,
					969E6CCFC4170D49CA7343F1,
					D8524570CEB78F9FAD2644A3,
					A3BD0C4A3A316E0A56981473,
					4A2D136FD4EF8D8E2E3FC33D,
					A97D442803727B8CB1945F5D,
					1965B70C79811C83565C7560,
					DDC70E53A16389181AA79747,
					0C9996A84AE1F62DEE3FFEA6,
					9BF13D01272301C9957E0B11,
					EA66D7E034DA69D5A3EA8755,
					4840C71E9384A99BDFA2374E,
					D4B668AC16131B135EA2BEBD, ); runOnlyForDeploymentPostprocessing = 0; };
		7A363B559002FF93DA616A6C = {isa = PBXNativeTarget; buildConfigurationList = 8BD097C68854DF9BA1EA9E00; buildPhases = (
					9839E97FA291CC3C20478F11,
					851AEFF1DAB4515F6AE1C75E,
					931BA615B5E195FCB864714C,
					C90F323F47864F63A109794A, ); buildRules = ( ); dependencies = (
					E08C7C96798C5A487897A780, ); name = "PpmPlugin - AU"; productName = PpmPlugin; productReference = 3EEA9806339E1119237E88E3; productType = "com.apple.product-type.bundle"; };
		9BB90A5A69B6EF77A04132F7 = {isa = XCConfigurationList; buildConfigurations = (
					8FDD4C4F0EE3C732466C669B,
					0208F83BC4D215A803171EEE, ); defaultConfigurationIsVisible = 0; defaultConfigurationName = Debug; };
		BE08B08646499BD3D2EC0691 = {isa = PBXResourcesBuildPhase; buildActionMask = 2147483647; files = (
					C6A7F6224FEEFAE9EAC44A01, ); runOnlyForDeploymentPostprocessing = 0; };
		CA49C3C38C710AD0E4DD1D33 = {isa = PBXSourcesBuildPhase; buildActionMask = 2147483647; files = (
					EF03BA943939E7F9B4C8B113, ); runOnlyForDeploymentPostprocessing = 0; };
		8BB1A4C24F959C51E1A53150 = {isa = PBXFrameworksBuildPhase; buildActionMask = 2147483647; files = (
					5004F29473C50E74B9E0F302,
					D49AF2243A1FAFA42BE208E8,
					070C8935FEBF7E27D39B0D47,
					969E6CCFC4170D49CA7343F1,
					D8524570CEB78F9FAD2644A3,
					A3BD0C4A3A316E0A56981473,
					4A2D136FD4EF8D8E2E3FC33D,
					1965B70C79811C83565C7560,
					DDC70E53A16389181AA79747,
					0C9996A84AE1F62DEE3FFEA6,
					9BF13D01272301C9957E0B11,
					EA66D7E034DA69D5A3EA8755,
					4840C71E9384A99BDFA2374E,
					D4B668AC16131B135EA2BEBD, ); runOnlyForDeploymentPostprocessing = 0; };
		82EAF3560882FC8B5905365A = {isa = PBXNativeTarget; buildConfigurationList = 9BB90A5A69B6EF77A04132F7; buildPhases = (
					BE08B08646499BD3D2EC0691,
					CA49C3C38C710AD0E4DD1D33,
					8BB1A4C24F959C51E1A53150, ); buildRules = ( ); dependencies = (
					E08C7C96798C5A487897A780, ); name = "PpmPlugin - Standalone Plugin"; productName = PpmPlugin; productReference = 2006BB74C7E41AFC732D0AE8; productType = "com.apple.product-type.application"; };
		9BD44E9E8EDE37EEFD9AA576 = {isa = XCConfigurationList; buildConfigurations = (
					D8303B39728EB482E0DD3FBA,
					FD36F8B24BCBC1C062107FFB, ); defaultConfigurationIsVisible = 0; defaultConfigurationName = Debug; };
		E39DD0C35FF272AFE6EB8B19 = {isa = PBXSourcesBuildPhase; buildActionMask = 2147483647; files = (
					EA41C190D9A8FDE16A7A6F19,
					61B61EC6662029719DC0C5A0,
					BD17F1F447CD9FC8F318EF5F,
					9348F6D2D5A9FC50D7BAE69D,
					CFF064A3A954EE499C9FD2ED,
					6DE434685EC290E8C1C7C8EB,
					D5D01A7D03A515979A23DC94,
					79B37CFB1DBFE0BBF27C7B74,
					A705E0D4EDD5A860BA5B147C,
					7E111D3BABFE5049BA60764E,
					D53C06994B2C277802D9CE5C,
					F6B9043D664EA0BEE11691F2,
					F2BD4FCC5DD4A682F7D4AEAF,
					1FD2CACE49544E1EEBDE3491,
					9CB863695B7C2EE394C1E660,
					35C4A98553508D4DAC89AB16,
					AC762FFE5AD1DFB9715D65F7,
					DACD94C7068324C14C0157C2,
					072B89CEDFE93A799502B0A6,
					7319C741F11EE96728D84C18,
					F770402C3FB8876AC99D664F,
					A43BFE637650CD135640C7B5,
					A0158A1B96603B51256D31AE, ); runOnlyForDeploymentPostprocessing = 0; };
		E5D6C5A8C6104EBD5DCF7885 = {isa = PBXNativeTarget; buildConfigurationList = 9BD44E9E8EDE37EEFD9AA576; buildPhases = (
					E39DD0C35FF272AFE6EB8B19, ); buildRules = ( ); dependencies = (  ); name = "PpmPlugin - Shared Code"; productName = PpmPlugin; productReference = D61C3CBC8CC59F9FC33F5B87; productType = "com.apple.product-type.library.static"; };
		A1B62048212B0F60E1CC418A = {isa = PBXProject; buildConfigurationList = 8D3F636DE7EDD0FBB05FBC71; attributes = { LastUpgradeCheck = 0830; ORGANIZATIONNAME = ""; TargetAttributes = { CFD72A70464493BE9E4C074E = { SystemCapabilities = {com.apple.ApplicationGroups.iOS = { enabled = 0; }; com.apple.InAppPurchase = { enabled = 0; }; com.apple.InterAppAudio = { enabled = 0; }; com.apple.Push = { enabled = 0; }; com.apple.Sandbox = { enabled = 0; }; }; };BC81A37D141619A7D6AACFE9 = { SystemCapabilities = {com.apple.ApplicationGroups.iOS = { enabled = 0; }; com.apple.InAppPurchase = { enabled = 0; }; com.apple.InterAppAudio = { enabled = 0; }; com.apple.Push = { enabled = 0; }; com.apple.Sandbox = { enabled = 0; }; }; };7A363B559002FF93DA616A6C = { SystemCapabilities = {com.apple.ApplicationGroups.iOS = { enabled = 0; }; com.apple.InAppPurchase = { enabled = 0; }; com.apple.InterAppAudio = { enabled = 0; }; com.apple.Push = { enabled = 0; }; com.apple.Sandbox = { enabled = 0; }; }; };82EAF3560882FC8B5905365A = { SystemCapabilities = {com.apple.ApplicationGroups.iOS = { enabled = 0; }; com.apple.InAppPurchase = { enabled = 0; }; com.apple.InterAppAudio = { enabled = 0; }; com.apple.Push = { enabled = 0; }; com.apple.Sandbox = { enabled = 0; }; }; };E5D6C5A8C6104EBD5DCF7885 = { SystemCapabilities = {com.apple.ApplicationGroups.iOS = { enabled = 0; }; com.apple.InAppPurchase = { enabled = 0; }; com.apple.InterAppAudio = { enabled = 0; }; com.apple.Push = { enabled = 0; }; com.apple.Sandbox = { enabled = 0; }; }; }; }; }; compatibilityVersion = "Xcode 3.2"; hasScannedForEncodings = 0; mainGroup = 55F2078E4819746AF2926D61; projectDirPath = ""; projectRoot = ""; targets = (CFD72A70464493BE9E4C074E, BC81A37D141619A7D6AACFE9, 7A363B559002FF93DA616A6C, 82EAF3560882FC8B5905365A, E5D6C5A8C6104EBD5DCF7885); };
	};
	rootObject = A1B62048212B0F60E1CC418A;
}
